<?xml version="1.0" encoding="utf-8"?>
<Project ToolsVersion="4.0" xmlns="http://schemas.microsoft.com/developer/msbuild/2003">
  <ItemGroup>
    <Filter Include="源文件">
      <UniqueIdentifier>{4FC737F1-C7A5-4376-A066-2A32D752A2FF}</UniqueIdentifier>
      <Extensions>cpp;c;cc;cxx;def;odl;idl;hpj;bat;asm;asmx</Extensions>
    </Filter>
    <Filter Include="头文件">
      <UniqueIdentifier>{93995380-89BD-4b04-88EB-625FBE52EBFB}</UniqueIdentifier>
      <Extensions>h;hh;hpp;hxx;hm;inl;inc;ipp;xsd</Extensions>
    </Filter>
    <Filter Include="资源文件">
      <UniqueIdentifier>{67DA6AB6-F800-4c08-8B7A-83BB121AAD01}</UniqueIdentifier>
      <Extensions>rc;ico;cur;bmp;dlg;rc2;rct;bin;rgs;gif;jpg;jpeg;jpe;resx;tiff;tif;png;wav;mfcribbon-ms</Extensions>
    </Filter>
    <Filter Include="封存代码">
      <UniqueIdentifier>{82313ae6-6e32-4ea1-b52c-1926e7db1582}</UniqueIdentifier>
    </Filter>
    <Filter Include="封存代码\蓝桥杯">
      <UniqueIdentifier>{5a97c9de-ac84-4939-93ed-0d0caab986a5}</UniqueIdentifier>
    </Filter>
    <Filter Include="封存代码\Codeforces">
      <UniqueIdentifier>{99e2eb3c-6380-46bc-b1ce-4e17d6517265}</UniqueIdentifier>
    </Filter>
  </ItemGroup>
  <ItemGroup>
    <ClCompile Include="蓝桥杯-带分数.cpp">
      <Filter>封存代码\蓝桥杯</Filter>
    </ClCompile>
    <ClCompile Include="蓝桥杯-翻硬币.cpp">
      <Filter>封存代码\蓝桥杯</Filter>
    </ClCompile>
    <ClCompile Include="蓝桥杯-连号区间数.cpp">
      <Filter>封存代码\蓝桥杯</Filter>
    </ClCompile>
    <ClCompile Include="蓝桥杯-幸运数.cpp">
      <Filter>源文件</Filter>
    </ClCompile>
    <ClCompile Include="UVA1644.cpp">
      <Filter>封存代码</Filter>
    </ClCompile>
    <ClCompile Include="UVA1643.cpp">
      <Filter>源文件</Filter>
    </ClCompile>
    <ClCompile Include="蓝桥杯-剪格子.cpp">
      <Filter>封存代码\蓝桥杯</Filter>
    </ClCompile>
    <ClCompile Include="cf1131f.cpp">
      <Filter>封存代码\Codeforces</Filter>
    </ClCompile>
    <ClCompile Include="cf1130c.cpp">
      <Filter>封存代码\Codeforces</Filter>
    </ClCompile>
    <ClCompile Include="cf1111b.cpp">
      <Filter>封存代码\Codeforces</Filter>
    </ClCompile>
    <ClCompile Include="蓝桥杯-大臣的旅费.cpp">
      <Filter>封存代码\蓝桥杯</Filter>
    </ClCompile>
    <ClCompile Include="蓝桥杯-蚂蚁感冒.cpp">
      <Filter>封存代码\蓝桥杯</Filter>
    </ClCompile>
    <ClCompile Include="蓝桥杯-地宫取宝.cpp">
      <Filter>源文件</Filter>
    </ClCompile>
    <ClCompile Include="cf1105a.cpp">
      <Filter>封存代码\Codeforces</Filter>
    </ClCompile>
    <ClCompile Include="cf1105b.cpp">
      <Filter>封存代码\Codeforces</Filter>
    </ClCompile>
    <ClCompile Include="cf1105c.cpp">
      <Filter>封存代码\Codeforces</Filter>
    </ClCompile>
  </ItemGroup>
  <ItemGroup>
    <Text Include="list.md">
      <Filter>资源文件</Filter>
    </Text>
  </ItemGroup>
</Project>